
Microsoft Visual Studio Solution File, Format Version 12.00
# Visual Studio Version 16
VisualStudioVersion = 16.0.30709.132
MinimumVisualStudioVersion = 10.0.40219.1
Project("{F184B08F-C81C-45F6-A57F-5ABD9991F28F}") = "RentalRoom", "RentalRoom\RentalRoom.vbproj", "{FEA2D060-4E22-42EB-8891-829EDD55F5E1}"
EndProject
Global
	GlobalSection(SolutionConfigurationPlatforms) = preSolution
		Debug|Any CPU = Debug|Any CPU
		Release|Any CPU = Release|Any CPU
	EndGlobalSection
	GlobalSection(ProjectConfigurationPlatforms) = postSolution
		{FEA2D060-4E22-42EB-8891-829EDD55F5E1}.Debug|Any CPU.ActiveCfg = Debug|Any CPU
		{FEA2D060-4E22-42EB-8891-829EDD55F5E1}.Debug|Any CPU.Build.0 = Debug|Any CPU
		{FEA2D060-4E22-42EB-8891-829EDD55F5E1}.Release|Any CPU.ActiveCfg = Release|Any CPU
		{FEA2D060-4E22-42EB-8891-829EDD55F5E1}.Release|Any CPU.Build.0 = Release|Any CPU
	EndGlobalSection
	GlobalSection(SolutionProperties) = preSolution
		HideSolutionNode = FALSE
	EndGlobalSection
	GlobalSection(ExtensibilityGlobals) = postSolution
		SolutionGuid = {B6487858-9090-4C7B-9567-309E948047F3}
	EndGlobalSection
EndGlobal
